
Microsoft Visual Studio Solution File, Format Version 12.00
# Visual Studio Version 16
VisualStudioVersion = 16.0.29326.143
MinimumVisualStudioVersion = 10.0.40219.1
Project("{FAE04EC0-301F-11D3-BF4B-00C04F79EFBC}") = "WindowsFormsApp7", "WindowsFormsApp7.csproj", "{CF51BF88-762A-4FC8-8784-4B4DFA667AD4}"
EndProject
Global
	GlobalSection(SolutionConfigurationPlatforms) = preSolution
		Debug|Any CPU = Debug|Any CPU
		Release|Any CPU = Release|Any CPU
	EndGlobalSection
	GlobalSection(ProjectConfigurationPlatforms) = postSolution
		{CF51BF88-762A-4FC8-8784-4B4DFA667AD4}.Debug|Any CPU.ActiveCfg = Debug|Any CPU
		{CF51BF88-762A-4FC8-8784-4B4DFA667AD4}.Debug|Any CPU.Build.0 = Debug|Any CPU
		{CF51BF88-762A-4FC8-8784-4B4DFA667AD4}.Release|Any CPU.ActiveCfg = Release|Any CPU
		{CF51BF88-762A-4FC8-8784-4B4DFA667AD4}.Release|Any CPU.Build.0 = Release|Any CPU
	EndGlobalSection
	GlobalSection(SolutionProperties) = preSolution
		HideSolutionNode = FALSE
	EndGlobalSection
	GlobalSection(ExtensibilityGlobals) = postSolution
		SolutionGuid = {2D6BE3BB-98E6-4B32-A235-3734835E8DD4}
	EndGlobalSection
EndGlobal
